
Microsoft Visual Studio Solution File, Format Version 12.00
# Visual Studio 15
Project("{FAE04EC0-301F-11D3-BF4B-00C04F79EFBC}") = "Assembly-CSharp", "Assembly-CSharp.csproj", "{BB64ADDA-DC8D-553C-CDE6-A8A108872E1D}"
EndProject
Global
	GlobalSection(SolutionConfigurationPlatforms) = preSolution
		Debug|Any CPU = Debug|Any CPU
		Release|Any CPU = Release|Any CPU
	EndGlobalSection
	GlobalSection(ProjectConfigurationPlatforms) = postSolution
		{BB64ADDA-DC8D-553C-CDE6-A8A108872E1D}.Debug|Any CPU.ActiveCfg = Debug|Any CPU
		{BB64ADDA-DC8D-553C-CDE6-A8A108872E1D}.Debug|Any CPU.Build.0 = Debug|Any CPU
		{BB64ADDA-DC8D-553C-CDE6-A8A108872E1D}.Release|Any CPU.ActiveCfg = Release|Any CPU
		{BB64ADDA-DC8D-553C-CDE6-A8A108872E1D}.Release|Any CPU.Build.0 = Release|Any CPU
	EndGlobalSection
	GlobalSection(SolutionProperties) = preSolution
		HideSolutionNode = FALSE
	EndGlobalSection
EndGlobal
